
Microsoft Visual Studio Solution File, Format Version 12.00
Project("{2150E333-8FDC-42A3-9474-1A3956D46DE8}") = "Solution Items", "Solution Items", "{5B016C9F-8504-42D3-BBF1-9557A088FCB1}"
	ProjectSection(SolutionItems) = preProject
		LICENSE = LICENSE
		README.md = README.md
		CHANGELOG.md = CHANGELOG.md
		.gitignore = .gitignore
		.gitattributes = .gitattributes
		.editorconfig = .editorconfig
		docker-compose.yml = docker-compose.yml
	EndProjectSection
EndProject
Project("{9A19103F-16F7-4668-BE54-9A1E7A4F7556}") = "_build", "build\_build.csproj", "{F595868A-841E-4638-AD06-AD21B93FC3A6}"
EndProject
Project("{2150E333-8FDC-42A3-9474-1A3956D46DE8}") = "src", "src", "{3CF6154D-56CF-446C-A855-7C4E6ED8E0FE}"
	ProjectSection(SolutionItems) = preProject
		src\Directory.Build.props = src\Directory.Build.props
	EndProjectSection
EndProject
Project("{FAE04EC0-301F-11D3-BF4B-00C04F79EFBC}") = "Domain", "src\Domain\Domain.csproj", "{5C42698A-6603-4C9E-9304-C55BA5F02CB5}"
EndProject
Project("{FAE04EC0-301F-11D3-BF4B-00C04F79EFBC}") = "Application", "src\Application\Application.csproj", "{6F061DED-AB92-447C-BF58-6EBC4E777D29}"
EndProject
Project("{FAE04EC0-301F-11D3-BF4B-00C04F79EFBC}") = "EventSourcing", "src\EventSourcing\EventSourcing.csproj", "{5E9C58A6-F5D9-4F2C-9EC6-69CD0D79099A}"
EndProject
Project("{FAE04EC0-301F-11D3-BF4B-00C04F79EFBC}") = "EventSourcing.EventStoreDB", "src\EventSourcing.EventStoreDB\EventSourcing.EventStoreDB.csproj", "{719C0DF5-51E7-4458-981F-3C2BC5C8EC65}"
EndProject
Project("{2150E333-8FDC-42A3-9474-1A3956D46DE8}") = "tests", "tests", "{ED77B404-D33A-48C2-BA09-B2FDB2540D83}"
	ProjectSection(SolutionItems) = preProject
		tests\Directory.Build.props = tests\Directory.Build.props
	EndProjectSection
EndProject
Project("{FAE04EC0-301F-11D3-BF4B-00C04F79EFBC}") = "Domain.UnitTests", "tests\Domain.UnitTests\Domain.UnitTests.csproj", "{7A849CBC-2657-46BD-927F-FA52C36512E2}"
EndProject
Project("{FAE04EC0-301F-11D3-BF4B-00C04F79EFBC}") = "Application.UnitTests", "tests\Application.UnitTests\Application.UnitTests.csproj", "{0DF423D9-AEE7-4BA5-BD51-CAACA53C8294}"
EndProject
Project("{FAE04EC0-301F-11D3-BF4B-00C04F79EFBC}") = "EventSourcing.UnitTests", "tests\EventSourcing.UnitTests\EventSourcing.UnitTests.csproj", "{E8DB49AA-80F2-4ADB-AFE7-3A73AD059B10}"
EndProject
Global
	GlobalSection(SolutionConfigurationPlatforms) = preSolution
		Debug|Any CPU = Debug|Any CPU
		Release|Any CPU = Release|Any CPU
	EndGlobalSection
	GlobalSection(ProjectConfigurationPlatforms) = postSolution
		{F595868A-841E-4638-AD06-AD21B93FC3A6}.Debug|Any CPU.ActiveCfg = Debug|Any CPU
		{F595868A-841E-4638-AD06-AD21B93FC3A6}.Release|Any CPU.ActiveCfg = Release|Any CPU
		{5C42698A-6603-4C9E-9304-C55BA5F02CB5}.Debug|Any CPU.ActiveCfg = Debug|Any CPU
		{5C42698A-6603-4C9E-9304-C55BA5F02CB5}.Debug|Any CPU.Build.0 = Debug|Any CPU
		{5C42698A-6603-4C9E-9304-C55BA5F02CB5}.Release|Any CPU.ActiveCfg = Release|Any CPU
		{5C42698A-6603-4C9E-9304-C55BA5F02CB5}.Release|Any CPU.Build.0 = Release|Any CPU
		{7A849CBC-2657-46BD-927F-FA52C36512E2}.Debug|Any CPU.ActiveCfg = Debug|Any CPU
		{7A849CBC-2657-46BD-927F-FA52C36512E2}.Debug|Any CPU.Build.0 = Debug|Any CPU
		{7A849CBC-2657-46BD-927F-FA52C36512E2}.Release|Any CPU.ActiveCfg = Release|Any CPU
		{7A849CBC-2657-46BD-927F-FA52C36512E2}.Release|Any CPU.Build.0 = Release|Any CPU
		{6F061DED-AB92-447C-BF58-6EBC4E777D29}.Debug|Any CPU.ActiveCfg = Debug|Any CPU
		{6F061DED-AB92-447C-BF58-6EBC4E777D29}.Debug|Any CPU.Build.0 = Debug|Any CPU
		{6F061DED-AB92-447C-BF58-6EBC4E777D29}.Release|Any CPU.ActiveCfg = Release|Any CPU
		{6F061DED-AB92-447C-BF58-6EBC4E777D29}.Release|Any CPU.Build.0 = Release|Any CPU
		{0DF423D9-AEE7-4BA5-BD51-CAACA53C8294}.Debug|Any CPU.ActiveCfg = Debug|Any CPU
		{0DF423D9-AEE7-4BA5-BD51-CAACA53C8294}.Debug|Any CPU.Build.0 = Debug|Any CPU
		{0DF423D9-AEE7-4BA5-BD51-CAACA53C8294}.Release|Any CPU.ActiveCfg = Release|Any CPU
		{0DF423D9-AEE7-4BA5-BD51-CAACA53C8294}.Release|Any CPU.Build.0 = Release|Any CPU
		{E8DB49AA-80F2-4ADB-AFE7-3A73AD059B10}.Debug|Any CPU.ActiveCfg = Debug|Any CPU
		{E8DB49AA-80F2-4ADB-AFE7-3A73AD059B10}.Debug|Any CPU.Build.0 = Debug|Any CPU
		{E8DB49AA-80F2-4ADB-AFE7-3A73AD059B10}.Release|Any CPU.ActiveCfg = Release|Any CPU
		{E8DB49AA-80F2-4ADB-AFE7-3A73AD059B10}.Release|Any CPU.Build.0 = Release|Any CPU
		{5E9C58A6-F5D9-4F2C-9EC6-69CD0D79099A}.Debug|Any CPU.ActiveCfg = Debug|Any CPU
		{5E9C58A6-F5D9-4F2C-9EC6-69CD0D79099A}.Debug|Any CPU.Build.0 = Debug|Any CPU
		{5E9C58A6-F5D9-4F2C-9EC6-69CD0D79099A}.Release|Any CPU.ActiveCfg = Release|Any CPU
		{5E9C58A6-F5D9-4F2C-9EC6-69CD0D79099A}.Release|Any CPU.Build.0 = Release|Any CPU
		{719C0DF5-51E7-4458-981F-3C2BC5C8EC65}.Debug|Any CPU.ActiveCfg = Debug|Any CPU
		{719C0DF5-51E7-4458-981F-3C2BC5C8EC65}.Debug|Any CPU.Build.0 = Debug|Any CPU
		{719C0DF5-51E7-4458-981F-3C2BC5C8EC65}.Release|Any CPU.ActiveCfg = Release|Any CPU
		{719C0DF5-51E7-4458-981F-3C2BC5C8EC65}.Release|Any CPU.Build.0 = Release|Any CPU
	EndGlobalSection
	GlobalSection(NestedProjects) = preSolution
		{5C42698A-6603-4C9E-9304-C55BA5F02CB5} = {3CF6154D-56CF-446C-A855-7C4E6ED8E0FE}
		{7A849CBC-2657-46BD-927F-FA52C36512E2} = {ED77B404-D33A-48C2-BA09-B2FDB2540D83}
		{6F061DED-AB92-447C-BF58-6EBC4E777D29} = {3CF6154D-56CF-446C-A855-7C4E6ED8E0FE}
		{0DF423D9-AEE7-4BA5-BD51-CAACA53C8294} = {ED77B404-D33A-48C2-BA09-B2FDB2540D83}
		{E8DB49AA-80F2-4ADB-AFE7-3A73AD059B10} = {ED77B404-D33A-48C2-BA09-B2FDB2540D83}
		{5E9C58A6-F5D9-4F2C-9EC6-69CD0D79099A} = {3CF6154D-56CF-446C-A855-7C4E6ED8E0FE}
		{719C0DF5-51E7-4458-981F-3C2BC5C8EC65} = {3CF6154D-56CF-446C-A855-7C4E6ED8E0FE}
	EndGlobalSection
EndGlobal
